
Microsoft Visual Studio Solution File, Format Version 12.00
# Visual Studio Version 16
VisualStudioVersion = 16.0.30114.105
MinimumVisualStudioVersion = 10.0.40219.1
Project("{FAE04EC0-301F-11D3-BF4B-00C04F79EFBC}") = "BuberBreakfast.Contracts", "BuberBreakfast.Contracts\BuberBreakfast.Contracts.csproj", "{34FFEB25-072E-49A3-96C2-3B0971FBC12C}"
EndProject
Project("{FAE04EC0-301F-11D3-BF4B-00C04F79EFBC}") = "BuberBreakfast", "BuberBreakfast\BuberBreakfast.csproj", "{4C427129-6DDA-4A5F-A013-3C1FC6984BBF}"
EndProject
Global
	GlobalSection(SolutionConfigurationPlatforms) = preSolution
		Debug|Any CPU = Debug|Any CPU
		Release|Any CPU = Release|Any CPU
	EndGlobalSection
	GlobalSection(SolutionProperties) = preSolution
		HideSolutionNode = FALSE
	EndGlobalSection
	GlobalSection(ProjectConfigurationPlatforms) = postSolution
		{34FFEB25-072E-49A3-96C2-3B0971FBC12C}.Debug|Any CPU.ActiveCfg = Debug|Any CPU
		{34FFEB25-072E-49A3-96C2-3B0971FBC12C}.Debug|Any CPU.Build.0 = Debug|Any CPU
		{34FFEB25-072E-49A3-96C2-3B0971FBC12C}.Release|Any CPU.ActiveCfg = Release|Any CPU
		{34FFEB25-072E-49A3-96C2-3B0971FBC12C}.Release|Any CPU.Build.0 = Release|Any CPU
		{4C427129-6DDA-4A5F-A013-3C1FC6984BBF}.Debug|Any CPU.ActiveCfg = Debug|Any CPU
		{4C427129-6DDA-4A5F-A013-3C1FC6984BBF}.Debug|Any CPU.Build.0 = Debug|Any CPU
		{4C427129-6DDA-4A5F-A013-3C1FC6984BBF}.Release|Any CPU.ActiveCfg = Release|Any CPU
		{4C427129-6DDA-4A5F-A013-3C1FC6984BBF}.Release|Any CPU.Build.0 = Release|Any CPU
	EndGlobalSection
EndGlobal
